// !$*UTF8*$!
{
	archiveVersion = 1;
	classes = {
	};
	objectVersion = 60;
	objects = {

/* Begin PBXBuildFile section */
		8D65B4762C3CEF86001F17F7 /* AppDelegate.swift in Sources */ = {isa = PBXBuildFile; fileRef = 8D65B4752C3CEF86001F17F7 /* AppDelegate.swift */; };
		8D65B4782C3CEF86001F17F7 /* SceneDelegate.swift in Sources */ = {isa = PBXBuildFile; fileRef = 8D65B4772C3CEF86001F17F7 /* SceneDelegate.swift */; };
		8D65B47A2C3CEF86001F17F7 /* StartScreen.swift in Sources */ = {isa = PBXBuildFile; fileRef = 8D65B4792C3CEF86001F17F7 /* StartScreen.swift */; };
		8D65B47F2C3CEF87001F17F7 /* Assets.xcassets in Resources */ = {isa = PBXBuildFile; fileRef = 8D65B47E2C3CEF87001F17F7 /* Assets.xcassets */; };
		8D65B4822C3CEF87001F17F7 /* Base in Resources */ = {isa = PBXBuildFile; fileRef = 8D65B4812C3CEF87001F17F7 /* Base */; };
		8D65B48D2C3CEF87001F17F7 /* SpotifyTests.swift in Sources */ = {isa = PBXBuildFile; fileRef = 8D65B48C2C3CEF87001F17F7 /* SpotifyTests.swift */; };
		8D65B4972C3CEF87001F17F7 /* SpotifyUITests.swift in Sources */ = {isa = PBXBuildFile; fileRef = 8D65B4962C3CEF87001F17F7 /* SpotifyUITests.swift */; };
		8D65B4992C3CEF87001F17F7 /* SpotifyUITestsLaunchTests.swift in Sources */ = {isa = PBXBuildFile; fileRef = 8D65B4982C3CEF87001F17F7 /* SpotifyUITestsLaunchTests.swift */; };
		8D65B4A82C3D190B001F17F7 /* SignInForm.swift in Sources */ = {isa = PBXBuildFile; fileRef = 8D65B4A72C3D190B001F17F7 /* SignInForm.swift */; };
		8D65B4AA2C3D3EDD001F17F7 /* HomeScreen.swift in Sources */ = {isa = PBXBuildFile; fileRef = 8D65B4A92C3D3EDD001F17F7 /* HomeScreen.swift */; };
		8D65B4AC2C3D7412001F17F7 /* GoogleService-Info.plist in Resources */ = {isa = PBXBuildFile; fileRef = 8D65B4AB2C3D7412001F17F7 /* GoogleService-Info.plist */; };
		8D65B4AF2C3D8582001F17F7 /* Jhol.mp3 in Resources */ = {isa = PBXBuildFile; fileRef = 8D65B4AE2C3D8582001F17F7 /* Jhol.mp3 */; };
		8D65B4B32C3D8666001F17F7 /* songMetadata.json in Resources */ = {isa = PBXBuildFile; fileRef = 8D65B4B22C3D8666001F17F7 /* songMetadata.json */; };
		8D65B4B72C3DAC75001F17F7 /* SongPlayer.swift in Sources */ = {isa = PBXBuildFile; fileRef = 8D65B4B62C3DAC75001F17F7 /* SongPlayer.swift */; };
		8D65B4BB2C3E5827001F17F7 /* SignUpForm.swift in Sources */ = {isa = PBXBuildFile; fileRef = 8D65B4BA2C3E5827001F17F7 /* SignUpForm.swift */; };
/* End PBXBuildFile section */

/* Begin PBXContainerItemProxy section */
		8D65B4892C3CEF87001F17F7 /* PBXContainerItemProxy */ = {
			isa = PBXContainerItemProxy;
			containerPortal = 8D65B46A2C3CEF86001F17F7 /* Project object */;
			proxyType = 1;
			remoteGlobalIDString = 8D65B4712C3CEF86001F17F7;
			remoteInfo = Spotify;
		};
		8D65B4932C3CEF87001F17F7 /* PBXContainerItemProxy */ = {
			isa = PBXContainerItemProxy;
			containerPortal = 8D65B46A2C3CEF86001F17F7 /* Project object */;
			proxyType = 1;
			remoteGlobalIDString = 8D65B4712C3CEF86001F17F7;
			remoteInfo = Spotify;
		};
/* End PBXContainerItemProxy section */

/* Begin PBXFileReference section */
		8D65B4722C3CEF86001F17F7 /* Spotify.app */ = {isa = PBXFileReference; explicitFileType = wrapper.application; includeInIndex = 0; path = Spotify.app; sourceTree = BUILT_PRODUCTS_DIR; };
		8D65B4752C3CEF86001F17F7 /* AppDelegate.swift */ = {isa = PBXFileReference; lastKnownFileType = sourcecode.swift; path = AppDelegate.swift; sourceTree = "<group>"; };
		8D65B4772C3CEF86001F17F7 /* SceneDelegate.swift */ = {isa = PBXFileReference; lastKnownFileType = sourcecode.swift; path = SceneDelegate.swift; sourceTree = "<group>"; };
		8D65B4792C3CEF86001F17F7 /* StartScreen.swift */ = {isa = PBXFileReference; lastKnownFileType = sourcecode.swift; path = StartScreen.swift; sourceTree = "<group>"; };
		8D65B47E2C3CEF87001F17F7 /* Assets.xcassets */ = {isa = PBXFileReference; lastKnownFileType = folder.assetcatalog; path = Assets.xcassets; sourceTree = "<group>"; };
		8D65B4812C3CEF87001F17F7 /* Base */ = {isa = PBXFileReference; lastKnownFileType = file.storyboard; name = Base; path = Base.lproj/LaunchScreen.storyboard; sourceTree = "<group>"; };
		8D65B4832C3CEF87001F17F7 /* Info.plist */ = {isa = PBXFileReference; lastKnownFileType = text.plist.xml; path = Info.plist; sourceTree = "<group>"; };
		8D65B4882C3CEF87001F17F7 /* SpotifyTests.xctest */ = {isa = PBXFileReference; explicitFileType = wrapper.cfbundle; includeInIndex = 0; path = SpotifyTests.xctest; sourceTree = BUILT_PRODUCTS_DIR; };
		8D65B48C2C3CEF87001F17F7 /* SpotifyTests.swift */ = {isa = PBXFileReference; lastKnownFileType = sourcecode.swift; path = SpotifyTests.swift; sourceTree = "<group>"; };
		8D65B4922C3CEF87001F17F7 /* SpotifyUITests.xctest */ = {isa = PBXFileReference; explicitFileType = wrapper.cfbundle; includeInIndex = 0; path = SpotifyUITests.xctest; sourceTree = BUILT_PRODUCTS_DIR; };
		8D65B4962C3CEF87001F17F7 /* SpotifyUITests.swift */ = {isa = PBXFileReference; lastKnownFileType = sourcecode.swift; path = SpotifyUITests.swift; sourceTree = "<group>"; };
		8D65B4982C3CEF87001F17F7 /* SpotifyUITestsLaunchTests.swift */ = {isa = PBXFileReference; lastKnownFileType = sourcecode.swift; path = SpotifyUITestsLaunchTests.swift; sourceTree = "<group>"; };
		8D65B4A72C3D190B001F17F7 /* SignInForm.swift */ = {isa = PBXFileReference; lastKnownFileType = sourcecode.swift; path = SignInForm.swift; sourceTree = "<group>"; };
		8D65B4A92C3D3EDD001F17F7 /* HomeScreen.swift */ = {isa = PBXFileReference; lastKnownFileType = sourcecode.swift; path = HomeScreen.swift; sourceTree = "<group>"; };
		8D65B4AB2C3D7412001F17F7 /* GoogleService-Info.plist */ = {isa = PBXFileReference; lastKnownFileType = text.plist.xml; path = "GoogleService-Info.plist"; sourceTree = "<group>"; };
		8D65B4AE2C3D8582001F17F7 /* Jhol.mp3 */ = {isa = PBXFileReference; lastKnownFileType = audio.mp3; path = Jhol.mp3; sourceTree = "<group>"; };
		8D65B4B22C3D8666001F17F7 /* songMetadata.json */ = {isa = PBXFileReference; lastKnownFileType = text.json; path = songMetadata.json; sourceTree = "<group>"; };
		8D65B4B62C3DAC75001F17F7 /* SongPlayer.swift */ = {isa = PBXFileReference; lastKnownFileType = sourcecode.swift; path = SongPlayer.swift; sourceTree = "<group>"; };
		8D65B4BA2C3E5827001F17F7 /* SignUpForm.swift */ = {isa = PBXFileReference; lastKnownFileType = sourcecode.swift; path = SignUpForm.swift; sourceTree = "<group>"; };
/* End PBXFileReference section */

/* Begin PBXFrameworksBuildPhase section */
		8D65B46F2C3CEF86001F17F7 /* Frameworks */ = {
			isa = PBXFrameworksBuildPhase;
			buildActionMask = 2147483647;
			files = (
			);
			runOnlyForDeploymentPostprocessing = 0;
		};
		8D65B4852C3CEF87001F17F7 /* Frameworks */ = {
			isa = PBXFrameworksBuildPhase;
			buildActionMask = 2147483647;
			files = (
			);
			runOnlyForDeploymentPostprocessing = 0;
		};
		8D65B48F2C3CEF87001F17F7 /* Frameworks */ = {
			isa = PBXFrameworksBuildPhase;
			buildActionMask = 2147483647;
			files = (
			);
			runOnlyForDeploymentPostprocessing = 0;
		};
/* End PBXFrameworksBuildPhase section */

/* Begin PBXGroup section */
		8D65B4692C3CEF86001F17F7 = {
			isa = PBXGroup;
			children = (
				8D65B4742C3CEF86001F17F7 /* Spotify */,
				8D65B48B2C3CEF87001F17F7 /* SpotifyTests */,
				8D65B4952C3CEF87001F17F7 /* SpotifyUITests */,
				8D65B4732C3CEF86001F17F7 /* Products */,
			);
			sourceTree = "<group>";
		};
		8D65B4732C3CEF86001F17F7 /* Products */ = {
			isa = PBXGroup;
			children = (
				8D65B4722C3CEF86001F17F7 /* Spotify.app */,
				8D65B4882C3CEF87001F17F7 /* SpotifyTests.xctest */,
				8D65B4922C3CEF87001F17F7 /* SpotifyUITests.xctest */,
			);
			name = Products;
			sourceTree = "<group>";
		};
		8D65B4742C3CEF86001F17F7 /* Spotify */ = {
			isa = PBXGroup;
			children = (
				8D65B4AD2C3D8339001F17F7 /* AudioFiles */,
				8D65B4752C3CEF86001F17F7 /* AppDelegate.swift */,
				8D65B4B22C3D8666001F17F7 /* songMetadata.json */,
				8D65B4772C3CEF86001F17F7 /* SceneDelegate.swift */,
				8D65B4792C3CEF86001F17F7 /* StartScreen.swift */,
				8D65B47E2C3CEF87001F17F7 /* Assets.xcassets */,
				8D65B4802C3CEF87001F17F7 /* LaunchScreen.storyboard */,
				8D65B4832C3CEF87001F17F7 /* Info.plist */,
				8D65B4AB2C3D7412001F17F7 /* GoogleService-Info.plist */,
				8D65B4A72C3D190B001F17F7 /* SignInForm.swift */,
				8D65B4BA2C3E5827001F17F7 /* SignUpForm.swift */,
				8D65B4A92C3D3EDD001F17F7 /* HomeScreen.swift */,
				8D65B4B62C3DAC75001F17F7 /* SongPlayer.swift */,
			);
			path = Spotify;
			sourceTree = "<group>";
		};
		8D65B48B2C3CEF87001F17F7 /* SpotifyTests */ = {
			isa = PBXGroup;
			children = (
				8D65B48C2C3CEF87001F17F7 /* SpotifyTests.swift */,
			);
			path = SpotifyTests;
			sourceTree = "<group>";
		};
		8D65B4952C3CEF87001F17F7 /* SpotifyUITests */ = {
			isa = PBXGroup;
			children = (
				8D65B4962C3CEF87001F17F7 /* SpotifyUITests.swift */,
				8D65B4982C3CEF87001F17F7 /* SpotifyUITestsLaunchTests.swift */,
			);
			path = SpotifyUITests;
			sourceTree = "<group>";
		};
		8D65B4AD2C3D8339001F17F7 /* AudioFiles */ = {
			isa = PBXGroup;
			children = (
				8D65B4AE2C3D8582001F17F7 /* Jhol.mp3 */,
			);
			path = AudioFiles;
			sourceTree = "<group>";
		};
/* End PBXGroup section */

/* Begin PBXNativeTarget section */
		8D65B4712C3CEF86001F17F7 /* Spotify */ = {
			isa = PBXNativeTarget;
			buildConfigurationList = 8D65B49C2C3CEF87001F17F7 /* Build configuration list for PBXNativeTarget "Spotify" */;
			buildPhases = (
				8D65B46E2C3CEF86001F17F7 /* Sources */,
				8D65B46F2C3CEF86001F17F7 /* Frameworks */,
				8D65B4702C3CEF86001F17F7 /* Resources */,
			);
			buildRules = (
			);
			dependencies = (
			);
			name = Spotify;
			productName = Spotify;
			productReference = 8D65B4722C3CEF86001F17F7 /* Spotify.app */;
			productType = "com.apple.product-type.application";
		};
		8D65B4872C3CEF87001F17F7 /* SpotifyTests */ = {
			isa = PBXNativeTarget;
			buildConfigurationList = 8D65B49F2C3CEF87001F17F7 /* Build configuration list for PBXNativeTarget "SpotifyTests" */;
			buildPhases = (
				8D65B4842C3CEF87001F17F7 /* Sources */,
				8D65B4852C3CEF87001F17F7 /* Frameworks */,
				8D65B4862C3CEF87001F17F7 /* Resources */,
			);
			buildRules = (
			);
			dependencies = (
				8D65B48A2C3CEF87001F17F7 /* PBXTargetDependency */,
			);
			name = SpotifyTests;
			productName = SpotifyTests;
			productReference = 8D65B4882C3CEF87001F17F7 /* SpotifyTests.xctest */;
			productType = "com.apple.product-type.bundle.unit-test";
		};
		8D65B4912C3CEF87001F17F7 /* SpotifyUITests */ = {
			isa = PBXNativeTarget;
			buildConfigurationList = 8D65B4A22C3CEF87001F17F7 /* Build configuration list for PBXNativeTarget "SpotifyUITests" */;
			buildPhases = (
				8D65B48E2C3CEF87001F17F7 /* Sources */,
				8D65B48F2C3CEF87001F17F7 /* Frameworks */,
				8D65B4902C3CEF87001F17F7 /* Resources */,
			);
			buildRules = (
			);
			dependencies = (
				8D65B4942C3CEF87001F17F7 /* PBXTargetDependency */,
			);
			name = SpotifyUITests;
			productName = SpotifyUITests;
			productReference = 8D65B4922C3CEF87001F17F7 /* SpotifyUITests.xctest */;
			productType = "com.apple.product-type.bundle.ui-testing";
		};
/* End PBXNativeTarget section */

/* Begin PBXProject section */
		8D65B46A2C3CEF86001F17F7 /* Project object */ = {
			isa = PBXProject;
			attributes = {
				BuildIndependentTargetsInParallel = 1;
				LastSwiftUpdateCheck = 1600;
				LastUpgradeCheck = 1600;
				TargetAttributes = {
					8D65B4712C3CEF86001F17F7 = {
						CreatedOnToolsVersion = 16.0;
					};
					8D65B4872C3CEF87001F17F7 = {
						CreatedOnToolsVersion = 16.0;
						TestTargetID = 8D65B4712C3CEF86001F17F7;
					};
					8D65B4912C3CEF87001F17F7 = {
						CreatedOnToolsVersion = 16.0;
						TestTargetID = 8D65B4712C3CEF86001F17F7;
					};
				};
			};
			buildConfigurationList = 8D65B46D2C3CEF86001F17F7 /* Build configuration list for PBXProject "Spotify" */;
			compatibilityVersion = "Xcode 15.0";
			developmentRegion = en;
			hasScannedForEncodings = 0;
			knownRegions = (
				en,
				Base,
			);
			mainGroup = 8D65B4692C3CEF86001F17F7;
			productRefGroup = 8D65B4732C3CEF86001F17F7 /* Products */;
			projectDirPath = "";
			projectRoot = "";
			targets = (
				8D65B4712C3CEF86001F17F7 /* Spotify */,
				8D65B4872C3CEF87001F17F7 /* SpotifyTests */,
				8D65B4912C3CEF87001F17F7 /* SpotifyUITests */,
			);
		};
/* End PBXProject section */

/* Begin PBXResourcesBuildPhase section */
		8D65B4702C3CEF86001F17F7 /* Resources */ = {
			isa = PBXResourcesBuildPhase;
			buildActionMask = 2147483647;
			files = (
				8D65B4B32C3D8666001F17F7 /* songMetadata.json in Resources */,
				8D65B47F2C3CEF87001F17F7 /* Assets.xcassets in Resources */,
				8D65B4822C3CEF87001F17F7 /* Base in Resources */,
				8D65B4AC2C3D7412001F17F7 /* GoogleService-Info.plist in Resources */,
				8D65B4AF2C3D8582001F17F7 /* Jhol.mp3 in Resources */,
			);
			runOnlyForDeploymentPostprocessing = 0;
		};
		8D65B4862C3CEF87001F17F7 /* Resources */ = {
			isa = PBXResourcesBuildPhase;
			buildActionMask = 2147483647;
			files = (
			);
			runOnlyForDeploymentPostprocessing = 0;
		};
		8D65B4902C3CEF87001F17F7 /* Resources */ = {
			isa = PBXResourcesBuildPhase;
			buildActionMask = 2147483647;
			files = (
			);
			runOnlyForDeploymentPostprocessing = 0;
		};
/* End PBXResourcesBuildPhase section */

/* Begin PBXSourcesBuildPhase section */
		8D65B46E2C3CEF86001F17F7 /* Sources */ = {
			isa = PBXSourcesBuildPhase;
			buildActionMask = 2147483647;
			files = (
				8D65B47A2C3CEF86001F17F7 /* StartScreen.swift in Sources */,
				8D65B4AA2C3D3EDD001F17F7 /* HomeScreen.swift in Sources */,
				8D65B4762C3CEF86001F17F7 /* AppDelegate.swift in Sources */,
				8D65B4B72C3DAC75001F17F7 /* SongPlayer.swift in Sources */,
				8D65B4782C3CEF86001F17F7 /* SceneDelegate.swift in Sources */,
				8D65B4A82C3D190B001F17F7 /* SignInForm.swift in Sources */,
				8D65B4BB2C3E5827001F17F7 /* SignUpForm.swift in Sources */,
			);
			runOnlyForDeploymentPostprocessing = 0;
		};
		8D65B4842C3CEF87001F17F7 /* Sources */ = {
			isa = PBXSourcesBuildPhase;
			buildActionMask = 2147483647;
			files = (
				8D65B48D2C3CEF87001F17F7 /* SpotifyTests.swift in Sources */,
			);
			runOnlyForDeploymentPostprocessing = 0;
		};
		8D65B48E2C3CEF87001F17F7 /* Sources */ = {
			isa = PBXSourcesBuildPhase;
			buildActionMask = 2147483647;
			files = (
				8D65B4972C3CEF87001F17F7 /* SpotifyUITests.swift in Sources */,
				8D65B4992C3CEF87001F17F7 /* SpotifyUITestsLaunchTests.swift in Sources */,
			);
			runOnlyForDeploymentPostprocessing = 0;
		};
/* End PBXSourcesBuildPhase section */

/* Begin PBXTargetDependency section */
		8D65B48A2C3CEF87001F17F7 /* PBXTargetDependency */ = {
			isa = PBXTargetDependency;
			target = 8D65B4712C3CEF86001F17F7 /* Spotify */;
			targetProxy = 8D65B4892C3CEF87001F17F7 /* PBXContainerItemProxy */;
		};
		8D65B4942C3CEF87001F17F7 /* PBXTargetDependency */ = {
			isa = PBXTargetDependency;
			target = 8D65B4712C3CEF86001F17F7 /* Spotify */;
			targetProxy = 8D65B4932C3CEF87001F17F7 /* PBXContainerItemProxy */;
		};
/* End PBXTargetDependency section */

/* Begin PBXVariantGroup section */
		8D65B4802C3CEF87001F17F7 /* LaunchScreen.storyboard */ = {
			isa = PBXVariantGroup;
			children = (
				8D65B4812C3CEF87001F17F7 /* Base */,
			);
			name = LaunchScreen.storyboard;
			sourceTree = "<group>";
		};
/* End PBXVariantGroup section */

/* Begin XCBuildConfiguration section */
		8D65B49A2C3CEF87001F17F7 /* Debug */ = {
			isa = XCBuildConfiguration;
			buildSettings = {
				ALWAYS_SEARCH_USER_PATHS = NO;
				ASSETCATALOG_COMPILER_GENERATE_SWIFT_ASSET_SYMBOL_EXTENSIONS = YES;
				CLANG_ANALYZER_NONNULL = YES;
				CLANG_ANALYZER_NUMBER_OBJECT_CONVERSION = YES_AGGRESSIVE;
				CLANG_CXX_LANGUAGE_STANDARD = "gnu++20";
				CLANG_ENABLE_MODULES = YES;
				CLANG_ENABLE_OBJC_ARC = YES;
				CLANG_ENABLE_OBJC_WEAK = YES;
				CLANG_WARN_BLOCK_CAPTURE_AUTORELEASING = YES;
				CLANG_WARN_BOOL_CONVERSION = YES;
				CLANG_WARN_COMMA = YES;
				CLANG_WARN_CONSTANT_CONVERSION = YES;
				CLANG_WARN_DEPRECATED_OBJC_IMPLEMENTATIONS = YES;
				CLANG_WARN_DIRECT_OBJC_ISA_USAGE = YES_ERROR;
				CLANG_WARN_DOCUMENTATION_COMMENTS = YES;
				CLANG_WARN_EMPTY_BODY = YES;
				CLANG_WARN_ENUM_CONVERSION = YES;
				CLANG_WARN_INFINITE_RECURSION = YES;
				CLANG_WARN_INT_CONVERSION = YES;
				CLANG_WARN_NON_LITERAL_NULL_CONVERSION = YES;
				CLANG_WARN_OBJC_IMPLICIT_RETAIN_SELF = YES;
				CLANG_WARN_OBJC_LITERAL_CONVERSION = YES;
				CLANG_WARN_OBJC_ROOT_CLASS = YES_ERROR;
				CLANG_WARN_QUOTED_INCLUDE_IN_FRAMEWORK_HEADER = YES;
				CLANG_WARN_RANGE_LOOP_ANALYSIS = YES;
				CLANG_WARN_STRICT_PROTOTYPES = YES;
				CLANG_WARN_SUSPICIOUS_MOVE = YES;
				CLANG_WARN_UNGUARDED_AVAILABILITY = YES_AGGRESSIVE;
				CLANG_WARN_UNREACHABLE_CODE = YES;
				CLANG_WARN__DUPLICATE_METHOD_MATCH = YES;
				COPY_PHASE_STRIP = NO;
				DEBUG_INFORMATION_FORMAT = dwarf;
				ENABLE_STRICT_OBJC_MSGSEND = YES;
				ENABLE_TESTABILITY = YES;
				ENABLE_USER_SCRIPT_SANDBOXING = YES;
				GCC_C_LANGUAGE_STANDARD = gnu17;
				GCC_DYNAMIC_NO_PIC = NO;
				GCC_NO_COMMON_BLOCKS = YES;
				GCC_OPTIMIZATION_LEVEL = 0;
				GCC_PREPROCESSOR_DEFINITIONS = (
					"DEBUG=1",
					"$(inherited)",
				);
				GCC_WARN_64_TO_32_BIT_CONVERSION = YES;
				GCC_WARN_ABOUT_RETURN_TYPE = YES_ERROR;
				GCC_WARN_UNDECLARED_SELECTOR = YES;
				GCC_WARN_UNINITIALIZED_AUTOS = YES_AGGRESSIVE;
				GCC_WARN_UNUSED_FUNCTION = YES;
				GCC_WARN_UNUSED_VARIABLE = YES;
				IPHONEOS_DEPLOYMENT_TARGET = 18.0;
				LOCALIZATION_PREFERS_STRING_CATALOGS = YES;
				MTL_ENABLE_DEBUG_INFO = INCLUDE_SOURCE;
				MTL_FAST_MATH = YES;
				ONLY_ACTIVE_ARCH = YES;
				SDKROOT = iphoneos;
				SWIFT_ACTIVE_COMPILATION_CONDITIONS = "DEBUG $(inherited)";
				SWIFT_OPTIMIZATION_LEVEL = "-Onone";
			};
			name = Debug;
		};
		8D65B49B2C3CEF87001F17F7 /* Release */ = {
			isa = XCBuildConfiguration;
			buildSettings = {
				ALWAYS_SEARCH_USER_PATHS = NO;
				ASSETCATALOG_COMPILER_GENERATE_SWIFT_ASSET_SYMBOL_EXTENSIONS = YES;
				CLANG_ANALYZER_NONNULL = YES;
				CLANG_ANALYZER_NUMBER_OBJECT_CONVERSION = YES_AGGRESSIVE;
				CLANG_CXX_LANGUAGE_STANDARD = "gnu++20";
				CLANG_ENABLE_MODULES = YES;
				CLANG_ENABLE_OBJC_ARC = YES;
				CLANG_ENABLE_OBJC_WEAK = YES;
				CLANG_WARN_BLOCK_CAPTURE_AUTORELEASING = YES;
				CLANG_WARN_BOOL_CONVERSION = YES;
				CLANG_WARN_COMMA = YES;
				CLANG_WARN_CONSTANT_CONVERSION = YES;
				CLANG_WARN_DEPRECATED_OBJC_IMPLEMENTATIONS = YES;
				CLANG_WARN_DIRECT_OBJC_ISA_USAGE = YES_ERROR;
				CLANG_WARN_DOCUMENTATION_COMMENTS = YES;
				CLANG_WARN_EMPTY_BODY = YES;
				CLANG_WARN_ENUM_CONVERSION = YES;
				CLANG_WARN_INFINITE_RECURSION = YES;
				CLANG_WARN_INT_CONVERSION = YES;
				CLANG_WARN_NON_LITERAL_NULL_CONVERSION = YES;
				CLANG_WARN_OBJC_IMPLICIT_RETAIN_SELF = YES;
				CLANG_WARN_OBJC_LITERAL_CONVERSION = YES;
				CLANG_WARN_OBJC_ROOT_CLASS = YES_ERROR;
				CLANG_WARN_QUOTED_INCLUDE_IN_FRAMEWORK_HEADER = YES;
				CLANG_WARN_RANGE_LOOP_ANALYSIS = YES;
				CLANG_WARN_STRICT_PROTOTYPES = YES;
				CLANG_WARN_SUSPICIOUS_MOVE = YES;
				CLANG_WARN_UNGUARDED_AVAILABILITY = YES_AGGRESSIVE;
				CLANG_WARN_UNREACHABLE_CODE = YES;
				CLANG_WARN__DUPLICATE_METHOD_MATCH = YES;
				COPY_PHASE_STRIP = NO;
				DEBUG_INFORMATION_FORMAT = "dwarf-with-dsym";
				ENABLE_NS_ASSERTIONS = NO;
				ENABLE_STRICT_OBJC_MSGSEND = YES;
				ENABLE_USER_SCRIPT_SANDBOXING = YES;
				GCC_C_LANGUAGE_STANDARD = gnu17;
				GCC_NO_COMMON_BLOCKS = YES;
				GCC_WARN_64_TO_32_BIT_CONVERSION = YES;
				GCC_WARN_ABOUT_RETURN_TYPE = YES_ERROR;
				GCC_WARN_UNDECLARED_SELECTOR = YES;
				GCC_WARN_UNINITIALIZED_AUTOS = YES_AGGRESSIVE;
				GCC_WARN_UNUSED_FUNCTION = YES;
				GCC_WARN_UNUSED_VARIABLE = YES;
				IPHONEOS_DEPLOYMENT_TARGET = 18.0;
				LOCALIZATION_PREFERS_STRING_CATALOGS = YES;
				MTL_ENABLE_DEBUG_INFO = NO;
				MTL_FAST_MATH = YES;
				SDKROOT = iphoneos;
				SWIFT_COMPILATION_MODE = wholemodule;
				VALIDATE_PRODUCT = YES;
			};
			name = Release;
		};
		8D65B49D2C3CEF87001F17F7 /* Debug */ = {
			isa = XCBuildConfiguration;
			buildSettings = {
				ASSETCATALOG_COMPILER_APPICON_NAME = AppIcon;
				ASSETCATALOG_COMPILER_GLOBAL_ACCENT_COLOR_NAME = AccentColor;
				CODE_SIGN_STYLE = Automatic;
				CURRENT_PROJECT_VERSION = 1;
				DEVELOPMENT_TEAM = 8F86HJ3PA5;
				GENERATE_INFOPLIST_FILE = YES;
				INFOPLIST_FILE = Spotify/Info.plist;
				INFOPLIST_KEY_UIApplicationSupportsIndirectInputEvents = YES;
				INFOPLIST_KEY_UILaunchStoryboardName = LaunchScreen;
				INFOPLIST_KEY_UISupportedInterfaceOrientations_iPad = "UIInterfaceOrientationPortrait UIInterfaceOrientationPortraitUpsideDown UIInterfaceOrientationLandscapeLeft UIInterfaceOrientationLandscapeRight";
				INFOPLIST_KEY_UISupportedInterfaceOrientations_iPhone = "UIInterfaceOrientationPortrait UIInterfaceOrientationLandscapeLeft UIInterfaceOrientationLandscapeRight";
				IPHONEOS_DEPLOYMENT_TARGET = 15.0;
				LD_RUNPATH_SEARCH_PATHS = (
					"$(inherited)",
					"@executable_path/Frameworks",
				);
				MARKETING_VERSION = 1.0;
				PRODUCT_BUNDLE_IDENTIFIER = Ammad.Spotify;
				PRODUCT_NAME = "$(TARGET_NAME)";
				SWIFT_EMIT_LOC_STRINGS = YES;
				SWIFT_VERSION = 5.0;
				TARGETED_DEVICE_FAMILY = "1,2";
			};
			name = Debug;
		};
		8D65B49E2C3CEF87001F17F7 /* Release */ = {
			isa = XCBuildConfiguration;
			buildSettings = {
				ASSETCATALOG_COMPILER_APPICON_NAME = AppIcon;
				ASSETCATALOG_COMPILER_GLOBAL_ACCENT_COLOR_NAME = AccentColor;
				CODE_SIGN_STYLE = Automatic;
				CURRENT_PROJECT_VERSION = 1;
				DEVELOPMENT_TEAM = 8F86HJ3PA5;
				GENERATE_INFOPLIST_FILE = YES;
				INFOPLIST_FILE = Spotify/Info.plist;
				INFOPLIST_KEY_UIApplicationSupportsIndirectInputEvents = YES;
				INFOPLIST_KEY_UILaunchStoryboardName = LaunchScreen;
				INFOPLIST_KEY_UISupportedInterfaceOrientations_iPad = "UIInterfaceOrientationPortrait UIInterfaceOrientationPortraitUpsideDown UIInterfaceOrientationLandscapeLeft UIInterfaceOrientationLandscapeRight";
				INFOPLIST_KEY_UISupportedInterfaceOrientations_iPhone = "UIInterfaceOrientationPortrait UIInterfaceOrientationLandscapeLeft UIInterfaceOrientationLandscapeRight";
				IPHONEOS_DEPLOYMENT_TARGET = 15.0;
				LD_RUNPATH_SEARCH_PATHS = (
					"$(inherited)",
					"@executable_path/Frameworks",
				);
				MARKETING_VERSION = 1.0;
				PRODUCT_BUNDLE_IDENTIFIER = Ammad.Spotify;
				PRODUCT_NAME = "$(TARGET_NAME)";
				SWIFT_EMIT_LOC_STRINGS = YES;
				SWIFT_VERSION = 5.0;
				TARGETED_DEVICE_FAMILY = "1,2";
			};
			name = Release;
		};
		8D65B4A02C3CEF87001F17F7 /* Debug */ = {
			isa = XCBuildConfiguration;
			buildSettings = {
				BUNDLE_LOADER = "$(TEST_HOST)";
				CODE_SIGN_STYLE = Automatic;
				CURRENT_PROJECT_VERSION = 1;
				DEVELOPMENT_TEAM = 8F86HJ3PA5;
				GENERATE_INFOPLIST_FILE = YES;
				IPHONEOS_DEPLOYMENT_TARGET = 18.0;
				MARKETING_VERSION = 1.0;
				PRODUCT_BUNDLE_IDENTIFIER = Ammad.SpotifyTests;
				PRODUCT_NAME = "$(TARGET_NAME)";
				SWIFT_EMIT_LOC_STRINGS = NO;
				SWIFT_VERSION = 5.0;
				TARGETED_DEVICE_FAMILY = "1,2";
				TEST_HOST = "$(BUILT_PRODUCTS_DIR)/Spotify.app/$(BUNDLE_EXECUTABLE_FOLDER_PATH)/Spotify";
			};
			name = Debug;
		};
		8D65B4A12C3CEF87001F17F7 /* Release */ = {
			isa = XCBuildConfiguration;
			buildSettings = {
				BUNDLE_LOADER = "$(TEST_HOST)";
				CODE_SIGN_STYLE = Automatic;
				CURRENT_PROJECT_VERSION = 1;
				DEVELOPMENT_TEAM = 8F86HJ3PA5;
				GENERATE_INFOPLIST_FILE = YES;
				IPHONEOS_DEPLOYMENT_TARGET = 18.0;
				MARKETING_VERSION = 1.0;
				PRODUCT_BUNDLE_IDENTIFIER = Ammad.SpotifyTests;
				PRODUCT_NAME = "$(TARGET_NAME)";
				SWIFT_EMIT_LOC_STRINGS = NO;
				SWIFT_VERSION = 5.0;
				TARGETED_DEVICE_FAMILY = "1,2";
				TEST_HOST = "$(BUILT_PRODUCTS_DIR)/Spotify.app/$(BUNDLE_EXECUTABLE_FOLDER_PATH)/Spotify";
			};
			name = Release;
		};
		8D65B4A32C3CEF87001F17F7 /* Debug */ = {
			isa = XCBuildConfiguration;
			buildSettings = {
				CODE_SIGN_STYLE = Automatic;
				CURRENT_PROJECT_VERSION = 1;
				DEVELOPMENT_TEAM = 8F86HJ3PA5;
				GENERATE_INFOPLIST_FILE = YES;
				MARKETING_VERSION = 1.0;
				PRODUCT_BUNDLE_IDENTIFIER = Ammad.SpotifyUITests;
				PRODUCT_NAME = "$(TARGET_NAME)";
				SWIFT_EMIT_LOC_STRINGS = NO;
				SWIFT_VERSION = 5.0;
				TARGETED_DEVICE_FAMILY = "1,2";
				TEST_TARGET_NAME = Spotify;
			};
			name = Debug;
		};
		8D65B4A42C3CEF87001F17F7 /* Release */ = {
			isa = XCBuildConfiguration;
			buildSettings = {
				CODE_SIGN_STYLE = Automatic;
				CURRENT_PROJECT_VERSION = 1;
				DEVELOPMENT_TEAM = 8F86HJ3PA5;
				GENERATE_INFOPLIST_FILE = YES;
				MARKETING_VERSION = 1.0;
				PRODUCT_BUNDLE_IDENTIFIER = Ammad.SpotifyUITests;
				PRODUCT_NAME = "$(TARGET_NAME)";
				SWIFT_EMIT_LOC_STRINGS = NO;
				SWIFT_VERSION = 5.0;
				TARGETED_DEVICE_FAMILY = "1,2";
				TEST_TARGET_NAME = Spotify;
			};
			name = Release;
		};
/* End XCBuildConfiguration section */

/* Begin XCConfigurationList section */
		8D65B46D2C3CEF86001F17F7 /* Build configuration list for PBXProject "Spotify" */ = {
			isa = XCConfigurationList;
			buildConfigurations = (
				8D65B49A2C3CEF87001F17F7 /* Debug */,
				8D65B49B2C3CEF87001F17F7 /* Release */,
			);
			defaultConfigurationIsVisible = 0;
			defaultConfigurationName = Release;
		};
		8D65B49C2C3CEF87001F17F7 /* Build configuration list for PBXNativeTarget "Spotify" */ = {
			isa = XCConfigurationList;
			buildConfigurations = (
				8D65B49D2C3CEF87001F17F7 /* Debug */,
				8D65B49E2C3CEF87001F17F7 /* Release */,
			);
			defaultConfigurationIsVisible = 0;
			defaultConfigurationName = Release;
		};
		8D65B49F2C3CEF87001F17F7 /* Build configuration list for PBXNativeTarget "SpotifyTests" */ = {
			isa = XCConfigurationList;
			buildConfigurations = (
				8D65B4A02C3CEF87001F17F7 /* Debug */,
				8D65B4A12C3CEF87001F17F7 /* Release */,
			);
			defaultConfigurationIsVisible = 0;
			defaultConfigurationName = Release;
		};
		8D65B4A22C3CEF87001F17F7 /* Build configuration list for PBXNativeTarget "SpotifyUITests" */ = {
			isa = XCConfigurationList;
			buildConfigurations = (
				8D65B4A32C3CEF87001F17F7 /* Debug */,
				8D65B4A42C3CEF87001F17F7 /* Release */,
			);
			defaultConfigurationIsVisible = 0;
			defaultConfigurationName = Release;
		};
/* End XCConfigurationList section */
	};
	rootObject = 8D65B46A2C3CEF86001F17F7 /* Project object */;
}
